// !$*UTF8*$!
{
	archiveVersion = 1;
	classes = {
	};
	objectVersion = 46;
	objects = {

/* Begin PBXBuildFile section */
		DA7958501A1A99C50069C790 /* GKTextSearchViewController.m in Sources */ = {isa = PBXBuildFile; fileRef = DA79584F1A1A99C50069C790 /* GKTextSearchViewController.m */; };
		DA7958531A1AB0870069C790 /* GKPlacesNearbySearchQuery.m in Sources */ = {isa = PBXBuildFile; fileRef = DA7958521A1AB0870069C790 /* GKPlacesNearbySearchQuery.m */; };
		DA7958561A1AB50C0069C790 /* GKPlacesTextSearchQuery.m in Sources */ = {isa = PBXBuildFile; fileRef = DA7958551A1AB50C0069C790 /* GKPlacesTextSearchQuery.m */; };
		DA7958591A1AB7270069C790 /* GKPlacesRadarSearchQuery.m in Sources */ = {isa = PBXBuildFile; fileRef = DA7958581A1AB7270069C790 /* GKPlacesRadarSearchQuery.m */; };
		DAE185CF1A13AD67001185C9 /* main.m in Sources */ = {isa = PBXBuildFile; fileRef = DAE185CE1A13AD67001185C9 /* main.m */; };
		DAE185D21A13AD67001185C9 /* AppDelegate.m in Sources */ = {isa = PBXBuildFile; fileRef = DAE185D11A13AD67001185C9 /* AppDelegate.m */; };
		DAE185E91A13AD67001185C9 /* GoogleKitDemoTests.m in Sources */ = {isa = PBXBuildFile; fileRef = DAE185E81A13AD67001185C9 /* GoogleKitDemoTests.m */; };
		DAE186041A13AE76001185C9 /* GKGeocoderQuery.m in Sources */ = {isa = PBXBuildFile; fileRef = DAE185F71A13AE76001185C9 /* GKGeocoderQuery.m */; };
		DAE186051A13AE76001185C9 /* GKPlaceAutocompleteQuery.m in Sources */ = {isa = PBXBuildFile; fileRef = DAE185F91A13AE76001185C9 /* GKPlaceAutocompleteQuery.m */; };
		DAE186061A13AE76001185C9 /* GKPlaceDetailsQuery.m in Sources */ = {isa = PBXBuildFile; fileRef = DAE185FB1A13AE76001185C9 /* GKPlaceDetailsQuery.m */; };
		DAE186081A13AE76001185C9 /* GKQuery.m in Sources */ = {isa = PBXBuildFile; fileRef = DAE185FF1A13AE76001185C9 /* GKQuery.m */; };
		DAE186151A13AE81001185C9 /* GKGeocoderPlace.m in Sources */ = {isa = PBXBuildFile; fileRef = DAE1860C1A13AE81001185C9 /* GKGeocoderPlace.m */; };
		DAE186161A13AE81001185C9 /* GKObject.m in Sources */ = {isa = PBXBuildFile; fileRef = DAE1860E1A13AE81001185C9 /* GKObject.m */; };
		DAE186171A13AE81001185C9 /* GKPlace.m in Sources */ = {isa = PBXBuildFile; fileRef = DAE186101A13AE81001185C9 /* GKPlace.m */; };
		DAE186181A13AE81001185C9 /* GKPlaceAutocomplete.m in Sources */ = {isa = PBXBuildFile; fileRef = DAE186121A13AE81001185C9 /* GKPlaceAutocomplete.m */; };
		DAE186191A13AE81001185C9 /* GKPlaceDetails.m in Sources */ = {isa = PBXBuildFile; fileRef = DAE186141A13AE81001185C9 /* GKPlaceDetails.m */; };
		DAE1861C1A13AEF0001185C9 /* GKRootViewController.m in Sources */ = {isa = PBXBuildFile; fileRef = DAE1861B1A13AEF0001185C9 /* GKRootViewController.m */; };
		DAE1861F1A13AFF1001185C9 /* GKMapGeocoderViewController.m in Sources */ = {isa = PBXBuildFile; fileRef = DAE1861E1A13AFF1001185C9 /* GKMapGeocoderViewController.m */; };
		DAE186231A13B18A001185C9 /* Default-568h@2x.png in Resources */ = {isa = PBXBuildFile; fileRef = DAE186221A13B18A001185C9 /* Default-568h@2x.png */; };
		DAE186261A13E8F6001185C9 /* GKAutocompleteViewController.m in Sources */ = {isa = PBXBuildFile; fileRef = DAE186251A13E8F6001185C9 /* GKAutocompleteViewController.m */; };
		DAE186291A13F5DE001185C9 /* GKNearbySearchViewController.m in Sources */ = {isa = PBXBuildFile; fileRef = DAE186281A13F5DE001185C9 /* GKNearbySearchViewController.m */; };
		DAE1862C1A140068001185C9 /* GKMapAnnotation.m in Sources */ = {isa = PBXBuildFile; fileRef = DAE1862B1A140068001185C9 /* GKMapAnnotation.m */; };
		DAE1862E1A14C7FF001185C9 /* Pin@2x.png in Resources */ = {isa = PBXBuildFile; fileRef = DAE1862D1A14C7FF001185C9 /* Pin@2x.png */; };
/* End PBXBuildFile section */

/* Begin PBXContainerItemProxy section */
		DAE185E31A13AD67001185C9 /* PBXContainerItemProxy */ = {
			isa = PBXContainerItemProxy;
			containerPortal = DAE185C11A13AD67001185C9 /* Project object */;
			proxyType = 1;
			remoteGlobalIDString = DAE185C81A13AD67001185C9;
			remoteInfo = GoogleKitDemo;
		};
/* End PBXContainerItemProxy section */

/* Begin PBXFileReference section */
		DA79584E1A1A99C50069C790 /* GKTextSearchViewController.h */ = {isa = PBXFileReference; fileEncoding = 4; lastKnownFileType = sourcecode.c.h; path = GKTextSearchViewController.h; sourceTree = "<group>"; };
		DA79584F1A1A99C50069C790 /* GKTextSearchViewController.m */ = {isa = PBXFileReference; fileEncoding = 4; lastKnownFileType = sourcecode.c.objc; path = GKTextSearchViewController.m; sourceTree = "<group>"; };
		DA7958511A1AB0870069C790 /* GKPlacesNearbySearchQuery.h */ = {isa = PBXFileReference; fileEncoding = 4; lastKnownFileType = sourcecode.c.h; name = GKPlacesNearbySearchQuery.h; path = ../GoogleKit/Queries/GKPlacesNearbySearchQuery.h; sourceTree = "<group>"; };
		DA7958521A1AB0870069C790 /* GKPlacesNearbySearchQuery.m */ = {isa = PBXFileReference; fileEncoding = 4; lastKnownFileType = sourcecode.c.objc; name = GKPlacesNearbySearchQuery.m; path = ../GoogleKit/Queries/GKPlacesNearbySearchQuery.m; sourceTree = "<group>"; };
		DA7958541A1AB50C0069C790 /* GKPlacesTextSearchQuery.h */ = {isa = PBXFileReference; fileEncoding = 4; lastKnownFileType = sourcecode.c.h; name = GKPlacesTextSearchQuery.h; path = ../GoogleKit/Queries/GKPlacesTextSearchQuery.h; sourceTree = "<group>"; };
		DA7958551A1AB50C0069C790 /* GKPlacesTextSearchQuery.m */ = {isa = PBXFileReference; fileEncoding = 4; lastKnownFileType = sourcecode.c.objc; name = GKPlacesTextSearchQuery.m; path = ../GoogleKit/Queries/GKPlacesTextSearchQuery.m; sourceTree = "<group>"; };
		DA7958571A1AB7270069C790 /* GKPlacesRadarSearchQuery.h */ = {isa = PBXFileReference; fileEncoding = 4; lastKnownFileType = sourcecode.c.h; name = GKPlacesRadarSearchQuery.h; path = ../GoogleKit/Queries/GKPlacesRadarSearchQuery.h; sourceTree = "<group>"; };
		DA7958581A1AB7270069C790 /* GKPlacesRadarSearchQuery.m */ = {isa = PBXFileReference; fileEncoding = 4; lastKnownFileType = sourcecode.c.objc; name = GKPlacesRadarSearchQuery.m; path = ../GoogleKit/Queries/GKPlacesRadarSearchQuery.m; sourceTree = "<group>"; };
		DAE185C91A13AD67001185C9 /* GoogleKitDemo.app */ = {isa = PBXFileReference; explicitFileType = wrapper.application; includeInIndex = 0; path = GoogleKitDemo.app; sourceTree = BUILT_PRODUCTS_DIR; };
		DAE185CD1A13AD67001185C9 /* Info.plist */ = {isa = PBXFileReference; lastKnownFileType = text.plist.xml; path = Info.plist; sourceTree = "<group>"; };
		DAE185CE1A13AD67001185C9 /* main.m */ = {isa = PBXFileReference; lastKnownFileType = sourcecode.c.objc; path = main.m; sourceTree = "<group>"; };
		DAE185D01A13AD67001185C9 /* AppDelegate.h */ = {isa = PBXFileReference; lastKnownFileType = sourcecode.c.h; path = AppDelegate.h; sourceTree = "<group>"; };
		DAE185D11A13AD67001185C9 /* AppDelegate.m */ = {isa = PBXFileReference; lastKnownFileType = sourcecode.c.objc; path = AppDelegate.m; sourceTree = "<group>"; };
		DAE185E21A13AD67001185C9 /* GoogleKitDemoTests.xctest */ = {isa = PBXFileReference; explicitFileType = wrapper.cfbundle; includeInIndex = 0; path = GoogleKitDemoTests.xctest; sourceTree = BUILT_PRODUCTS_DIR; };
		DAE185E71A13AD67001185C9 /* Info.plist */ = {isa = PBXFileReference; lastKnownFileType = text.plist.xml; path = Info.plist; sourceTree = "<group>"; };
		DAE185E81A13AD67001185C9 /* GoogleKitDemoTests.m */ = {isa = PBXFileReference; lastKnownFileType = sourcecode.c.objc; path = GoogleKitDemoTests.m; sourceTree = "<group>"; };
		DAE185F51A13AE6C001185C9 /* GoogleKit.h */ = {isa = PBXFileReference; fileEncoding = 4; lastKnownFileType = sourcecode.c.h; name = GoogleKit.h; path = ../GoogleKit/GoogleKit.h; sourceTree = "<group>"; };
		DAE185F61A13AE76001185C9 /* GKGeocoderQuery.h */ = {isa = PBXFileReference; fileEncoding = 4; lastKnownFileType = sourcecode.c.h; name = GKGeocoderQuery.h; path = ../GoogleKit/Queries/GKGeocoderQuery.h; sourceTree = "<group>"; };
		DAE185F71A13AE76001185C9 /* GKGeocoderQuery.m */ = {isa = PBXFileReference; fileEncoding = 4; lastKnownFileType = sourcecode.c.objc; name = GKGeocoderQuery.m; path = ../GoogleKit/Queries/GKGeocoderQuery.m; sourceTree = "<group>"; };
		DAE185F81A13AE76001185C9 /* GKPlaceAutocompleteQuery.h */ = {isa = PBXFileReference; fileEncoding = 4; lastKnownFileType = sourcecode.c.h; name = GKPlaceAutocompleteQuery.h; path = ../GoogleKit/Queries/GKPlaceAutocompleteQuery.h; sourceTree = "<group>"; };
		DAE185F91A13AE76001185C9 /* GKPlaceAutocompleteQuery.m */ = {isa = PBXFileReference; fileEncoding = 4; lastKnownFileType = sourcecode.c.objc; name = GKPlaceAutocompleteQuery.m; path = ../GoogleKit/Queries/GKPlaceAutocompleteQuery.m; sourceTree = "<group>"; };
		DAE185FA1A13AE76001185C9 /* GKPlaceDetailsQuery.h */ = {isa = PBXFileReference; fileEncoding = 4; lastKnownFileType = sourcecode.c.h; name = GKPlaceDetailsQuery.h; path = ../GoogleKit/Queries/GKPlaceDetailsQuery.h; sourceTree = "<group>"; };
		DAE185FB1A13AE76001185C9 /* GKPlaceDetailsQuery.m */ = {isa = PBXFileReference; fileEncoding = 4; lastKnownFileType = sourcecode.c.objc; name = GKPlaceDetailsQuery.m; path = ../GoogleKit/Queries/GKPlaceDetailsQuery.m; sourceTree = "<group>"; };
		DAE185FE1A13AE76001185C9 /* GKQuery.h */ = {isa = PBXFileReference; fileEncoding = 4; lastKnownFileType = sourcecode.c.h; name = GKQuery.h; path = ../GoogleKit/Queries/GKQuery.h; sourceTree = "<group>"; };
		DAE185FF1A13AE76001185C9 /* GKQuery.m */ = {isa = PBXFileReference; fileEncoding = 4; lastKnownFileType = sourcecode.c.objc; name = GKQuery.m; path = ../GoogleKit/Queries/GKQuery.m; sourceTree = "<group>"; };
		DAE1860B1A13AE81001185C9 /* GKGeocoderPlace.h */ = {isa = PBXFileReference; fileEncoding = 4; lastKnownFileType = sourcecode.c.h; name = GKGeocoderPlace.h; path = ../GoogleKit/Objects/GKGeocoderPlace.h; sourceTree = "<group>"; };
		DAE1860C1A13AE81001185C9 /* GKGeocoderPlace.m */ = {isa = PBXFileReference; fileEncoding = 4; lastKnownFileType = sourcecode.c.objc; name = GKGeocoderPlace.m; path = ../GoogleKit/Objects/GKGeocoderPlace.m; sourceTree = "<group>"; };
		DAE1860D1A13AE81001185C9 /* GKObject.h */ = {isa = PBXFileReference; fileEncoding = 4; lastKnownFileType = sourcecode.c.h; name = GKObject.h; path = ../GoogleKit/Objects/GKObject.h; sourceTree = "<group>"; };
		DAE1860E1A13AE81001185C9 /* GKObject.m */ = {isa = PBXFileReference; fileEncoding = 4; lastKnownFileType = sourcecode.c.objc; name = GKObject.m; path = ../GoogleKit/Objects/GKObject.m; sourceTree = "<group>"; };
		DAE1860F1A13AE81001185C9 /* GKPlace.h */ = {isa = PBXFileReference; fileEncoding = 4; lastKnownFileType = sourcecode.c.h; name = GKPlace.h; path = ../GoogleKit/Objects/GKPlace.h; sourceTree = "<group>"; };
		DAE186101A13AE81001185C9 /* GKPlace.m */ = {isa = PBXFileReference; fileEncoding = 4; lastKnownFileType = sourcecode.c.objc; name = GKPlace.m; path = ../GoogleKit/Objects/GKPlace.m; sourceTree = "<group>"; };
		DAE186111A13AE81001185C9 /* GKPlaceAutocomplete.h */ = {isa = PBXFileReference; fileEncoding = 4; lastKnownFileType = sourcecode.c.h; name = GKPlaceAutocomplete.h; path = ../GoogleKit/Objects/GKPlaceAutocomplete.h; sourceTree = "<group>"; };
		DAE186121A13AE81001185C9 /* GKPlaceAutocomplete.m */ = {isa = PBXFileReference; fileEncoding = 4; lastKnownFileType = sourcecode.c.objc; name = GKPlaceAutocomplete.m; path = ../GoogleKit/Objects/GKPlaceAutocomplete.m; sourceTree = "<group>"; };
		DAE186131A13AE81001185C9 /* GKPlaceDetails.h */ = {isa = PBXFileReference; fileEncoding = 4; lastKnownFileType = sourcecode.c.h; name = GKPlaceDetails.h; path = ../GoogleKit/Objects/GKPlaceDetails.h; sourceTree = "<group>"; };
		DAE186141A13AE81001185C9 /* GKPlaceDetails.m */ = {isa = PBXFileReference; fileEncoding = 4; lastKnownFileType = sourcecode.c.objc; name = GKPlaceDetails.m; path = ../GoogleKit/Objects/GKPlaceDetails.m; sourceTree = "<group>"; };
		DAE1861A1A13AEF0001185C9 /* GKRootViewController.h */ = {isa = PBXFileReference; fileEncoding = 4; lastKnownFileType = sourcecode.c.h; path = GKRootViewController.h; sourceTree = "<group>"; };
		DAE1861B1A13AEF0001185C9 /* GKRootViewController.m */ = {isa = PBXFileReference; fileEncoding = 4; lastKnownFileType = sourcecode.c.objc; path = GKRootViewController.m; sourceTree = "<group>"; };
		DAE1861D1A13AFF1001185C9 /* GKMapGeocoderViewController.h */ = {isa = PBXFileReference; fileEncoding = 4; lastKnownFileType = sourcecode.c.h; path = GKMapGeocoderViewController.h; sourceTree = "<group>"; };
		DAE1861E1A13AFF1001185C9 /* GKMapGeocoderViewController.m */ = {isa = PBXFileReference; fileEncoding = 4; lastKnownFileType = sourcecode.c.objc; path = GKMapGeocoderViewController.m; sourceTree = "<group>"; };
		DAE186221A13B18A001185C9 /* Default-568h@2x.png */ = {isa = PBXFileReference; lastKnownFileType = image.png; path = "Default-568h@2x.png"; sourceTree = "<group>"; };
		DAE186241A13E8F6001185C9 /* GKAutocompleteViewController.h */ = {isa = PBXFileReference; fileEncoding = 4; lastKnownFileType = sourcecode.c.h; path = GKAutocompleteViewController.h; sourceTree = "<group>"; };
		DAE186251A13E8F6001185C9 /* GKAutocompleteViewController.m */ = {isa = PBXFileReference; fileEncoding = 4; lastKnownFileType = sourcecode.c.objc; path = GKAutocompleteViewController.m; sourceTree = "<group>"; };
		DAE186271A13F5DE001185C9 /* GKNearbySearchViewController.h */ = {isa = PBXFileReference; fileEncoding = 4; lastKnownFileType = sourcecode.c.h; path = GKNearbySearchViewController.h; sourceTree = "<group>"; };
		DAE186281A13F5DE001185C9 /* GKNearbySearchViewController.m */ = {isa = PBXFileReference; fileEncoding = 4; lastKnownFileType = sourcecode.c.objc; path = GKNearbySearchViewController.m; sourceTree = "<group>"; };
		DAE1862A1A140068001185C9 /* GKMapAnnotation.h */ = {isa = PBXFileReference; fileEncoding = 4; lastKnownFileType = sourcecode.c.h; path = GKMapAnnotation.h; sourceTree = "<group>"; };
		DAE1862B1A140068001185C9 /* GKMapAnnotation.m */ = {isa = PBXFileReference; fileEncoding = 4; lastKnownFileType = sourcecode.c.objc; path = GKMapAnnotation.m; sourceTree = "<group>"; };
		DAE1862D1A14C7FF001185C9 /* Pin@2x.png */ = {isa = PBXFileReference; lastKnownFileType = image.png; path = "Pin@2x.png"; sourceTree = "<group>"; };
/* End PBXFileReference section */

/* Begin PBXFrameworksBuildPhase section */
		DAE185C61A13AD67001185C9 /* Frameworks */ = {
			isa = PBXFrameworksBuildPhase;
			buildActionMask = 2147483647;
			files = (
			);
			runOnlyForDeploymentPostprocessing = 0;
		};
		DAE185DF1A13AD67001185C9 /* Frameworks */ = {
			isa = PBXFrameworksBuildPhase;
			buildActionMask = 2147483647;
			files = (
			);
			runOnlyForDeploymentPostprocessing = 0;
		};
/* End PBXFrameworksBuildPhase section */

/* Begin PBXGroup section */
		DAE185C01A13AD67001185C9 = {
			isa = PBXGroup;
			children = (
				DAE185F21A13ADC1001185C9 /* GoogleKit */,
				DAE185CB1A13AD67001185C9 /* GoogleKitDemo */,
				DAE185E51A13AD67001185C9 /* GoogleKitDemoTests */,
				DAE185CA1A13AD67001185C9 /* Products */,
			);
			sourceTree = "<group>";
		};
		DAE185CA1A13AD67001185C9 /* Products */ = {
			isa = PBXGroup;
			children = (
				DAE185C91A13AD67001185C9 /* GoogleKitDemo.app */,
				DAE185E21A13AD67001185C9 /* GoogleKitDemoTests.xctest */,
			);
			name = Products;
			sourceTree = "<group>";
		};
		DAE185CB1A13AD67001185C9 /* GoogleKitDemo */ = {
			isa = PBXGroup;
			children = (
				DAE185D01A13AD67001185C9 /* AppDelegate.h */,
				DAE185D11A13AD67001185C9 /* AppDelegate.m */,
				DAE1862A1A140068001185C9 /* GKMapAnnotation.h */,
				DAE1862B1A140068001185C9 /* GKMapAnnotation.m */,
				DAE1861A1A13AEF0001185C9 /* GKRootViewController.h */,
				DAE1861B1A13AEF0001185C9 /* GKRootViewController.m */,
				DAE1861D1A13AFF1001185C9 /* GKMapGeocoderViewController.h */,
				DAE1861E1A13AFF1001185C9 /* GKMapGeocoderViewController.m */,
				DAE186241A13E8F6001185C9 /* GKAutocompleteViewController.h */,
				DAE186251A13E8F6001185C9 /* GKAutocompleteViewController.m */,
				DAE186271A13F5DE001185C9 /* GKNearbySearchViewController.h */,
				DAE186281A13F5DE001185C9 /* GKNearbySearchViewController.m */,
				DA79584E1A1A99C50069C790 /* GKTextSearchViewController.h */,
				DA79584F1A1A99C50069C790 /* GKTextSearchViewController.m */,
				DAE185CC1A13AD67001185C9 /* Supporting Files */,
			);
			path = GoogleKitDemo;
			sourceTree = "<group>";
		};
		DAE185CC1A13AD67001185C9 /* Supporting Files */ = {
			isa = PBXGroup;
			children = (
				DAE1862D1A14C7FF001185C9 /* Pin@2x.png */,
				DAE186221A13B18A001185C9 /* Default-568h@2x.png */,
				DAE185CD1A13AD67001185C9 /* Info.plist */,
				DAE185CE1A13AD67001185C9 /* main.m */,
			);
			name = "Supporting Files";
			sourceTree = "<group>";
		};
		DAE185E51A13AD67001185C9 /* GoogleKitDemoTests */ = {
			isa = PBXGroup;
			children = (
				DAE185E81A13AD67001185C9 /* GoogleKitDemoTests.m */,
				DAE185E61A13AD67001185C9 /* Supporting Files */,
			);
			path = GoogleKitDemoTests;
			sourceTree = "<group>";
		};
		DAE185E61A13AD67001185C9 /* Supporting Files */ = {
			isa = PBXGroup;
			children = (
				DAE185E71A13AD67001185C9 /* Info.plist */,
			);
			name = "Supporting Files";
			sourceTree = "<group>";
		};
		DAE185F21A13ADC1001185C9 /* GoogleKit */ = {
			isa = PBXGroup;
			children = (
				DAE185F51A13AE6C001185C9 /* GoogleKit.h */,
				DAE185F31A13AE5D001185C9 /* Queries */,
				DAE185F41A13AE63001185C9 /* Objects */,
			);
			name = GoogleKit;
			sourceTree = "<group>";
		};
		DAE185F31A13AE5D001185C9 /* Queries */ = {
			isa = PBXGroup;
			children = (
				DAE185FE1A13AE76001185C9 /* GKQuery.h */,
				DAE185FF1A13AE76001185C9 /* GKQuery.m */,
				DAE185F61A13AE76001185C9 /* GKGeocoderQuery.h */,
				DAE185F71A13AE76001185C9 /* GKGeocoderQuery.m */,
				DA7958511A1AB0870069C790 /* GKPlacesNearbySearchQuery.h */,
				DA7958521A1AB0870069C790 /* GKPlacesNearbySearchQuery.m */,
				DA7958541A1AB50C0069C790 /* GKPlacesTextSearchQuery.h */,
				DA7958551A1AB50C0069C790 /* GKPlacesTextSearchQuery.m */,
				DA7958571A1AB7270069C790 /* GKPlacesRadarSearchQuery.h */,
				DA7958581A1AB7270069C790 /* GKPlacesRadarSearchQuery.m */,
				DAE185FA1A13AE76001185C9 /* GKPlaceDetailsQuery.h */,
				DAE185FB1A13AE76001185C9 /* GKPlaceDetailsQuery.m */,
				DAE185F81A13AE76001185C9 /* GKPlaceAutocompleteQuery.h */,
				DAE185F91A13AE76001185C9 /* GKPlaceAutocompleteQuery.m */,
			);
			name = Queries;
			sourceTree = "<group>";
		};
		DAE185F41A13AE63001185C9 /* Objects */ = {
			isa = PBXGroup;
			children = (
				DAE1860D1A13AE81001185C9 /* GKObject.h */,
				DAE1860E1A13AE81001185C9 /* GKObject.m */,
				DAE1860B1A13AE81001185C9 /* GKGeocoderPlace.h */,
				DAE1860C1A13AE81001185C9 /* GKGeocoderPlace.m */,
				DAE186111A13AE81001185C9 /* GKPlaceAutocomplete.h */,
				DAE186121A13AE81001185C9 /* GKPlaceAutocomplete.m */,
				DAE1860F1A13AE81001185C9 /* GKPlace.h */,
				DAE186101A13AE81001185C9 /* GKPlace.m */,
				DAE186131A13AE81001185C9 /* GKPlaceDetails.h */,
				DAE186141A13AE81001185C9 /* GKPlaceDetails.m */,
			);
			name = Objects;
			sourceTree = "<group>";
		};
/* End PBXGroup section */

/* Begin PBXNativeTarget section */
		DAE185C81A13AD67001185C9 /* GoogleKitDemo */ = {
			isa = PBXNativeTarget;
			buildConfigurationList = DAE185EC1A13AD67001185C9 /* Build configuration list for PBXNativeTarget "GoogleKitDemo" */;
			buildPhases = (
				DAE185C51A13AD67001185C9 /* Sources */,
				DAE185C61A13AD67001185C9 /* Frameworks */,
				DAE185C71A13AD67001185C9 /* Resources */,
			);
			buildRules = (
			);
			dependencies = (
			);
			name = GoogleKitDemo;
			productName = GoogleKitDemo;
			productReference = DAE185C91A13AD67001185C9 /* GoogleKitDemo.app */;
			productType = "com.apple.product-type.application";
		};
		DAE185E11A13AD67001185C9 /* GoogleKitDemoTests */ = {
			isa = PBXNativeTarget;
			buildConfigurationList = DAE185EF1A13AD67001185C9 /* Build configuration list for PBXNativeTarget "GoogleKitDemoTests" */;
			buildPhases = (
				DAE185DE1A13AD67001185C9 /* Sources */,
				DAE185DF1A13AD67001185C9 /* Frameworks */,
				DAE185E01A13AD67001185C9 /* Resources */,
			);
			buildRules = (
			);
			dependencies = (
				DAE185E41A13AD67001185C9 /* PBXTargetDependency */,
			);
			name = GoogleKitDemoTests;
			productName = GoogleKitDemoTests;
			productReference = DAE185E21A13AD67001185C9 /* GoogleKitDemoTests.xctest */;
			productType = "com.apple.product-type.bundle.unit-test";
		};
/* End PBXNativeTarget section */

/* Begin PBXProject section */
		DAE185C11A13AD67001185C9 /* Project object */ = {
			isa = PBXProject;
			attributes = {
				LastUpgradeCheck = 0610;
				ORGANIZATIONNAME = "Max Sokolov";
				TargetAttributes = {
					DAE185C81A13AD67001185C9 = {
						CreatedOnToolsVersion = 6.1;
					};
					DAE185E11A13AD67001185C9 = {
						CreatedOnToolsVersion = 6.1;
						TestTargetID = DAE185C81A13AD67001185C9;
					};
				};
			};
			buildConfigurationList = DAE185C41A13AD67001185C9 /* Build configuration list for PBXProject "GoogleKitDemo" */;
			compatibilityVersion = "Xcode 3.2";
			developmentRegion = English;
			hasScannedForEncodings = 0;
			knownRegions = (
				en,
				Base,
			);
			mainGroup = DAE185C01A13AD67001185C9;
			productRefGroup = DAE185CA1A13AD67001185C9 /* Products */;
			projectDirPath = "";
			projectRoot = "";
			targets = (
				DAE185C81A13AD67001185C9 /* GoogleKitDemo */,
				DAE185E11A13AD67001185C9 /* GoogleKitDemoTests */,
			);
		};
/* End PBXProject section */

/* Begin PBXResourcesBuildPhase section */
		DAE185C71A13AD67001185C9 /* Resources */ = {
			isa = PBXResourcesBuildPhase;
			buildActionMask = 2147483647;
			files = (
				DAE186231A13B18A001185C9 /* Default-568h@2x.png in Resources */,
				DAE1862E1A14C7FF001185C9 /* Pin@2x.png in Resources */,
			);
			runOnlyForDeploymentPostprocessing = 0;
		};
		DAE185E01A13AD67001185C9 /* Resources */ = {
			isa = PBXResourcesBuildPhase;
			buildActionMask = 2147483647;
			files = (
			);
			runOnlyForDeploymentPostprocessing = 0;
		};
/* End PBXResourcesBuildPhase section */

/* Begin PBXSourcesBuildPhase section */
		DAE185C51A13AD67001185C9 /* Sources */ = {
			isa = PBXSourcesBuildPhase;
			buildActionMask = 2147483647;
			files = (
				DAE186051A13AE76001185C9 /* GKPlaceAutocompleteQuery.m in Sources */,
				DAE186151A13AE81001185C9 /* GKGeocoderPlace.m in Sources */,
				DA7958561A1AB50C0069C790 /* GKPlacesTextSearchQuery.m in Sources */,
				DA7958591A1AB7270069C790 /* GKPlacesRadarSearchQuery.m in Sources */,
				DAE186041A13AE76001185C9 /* GKGeocoderQuery.m in Sources */,
				DAE186171A13AE81001185C9 /* GKPlace.m in Sources */,
				DAE1861C1A13AEF0001185C9 /* GKRootViewController.m in Sources */,
				DAE185D21A13AD67001185C9 /* AppDelegate.m in Sources */,
				DAE1862C1A140068001185C9 /* GKMapAnnotation.m in Sources */,
				DA7958501A1A99C50069C790 /* GKTextSearchViewController.m in Sources */,
				DAE186181A13AE81001185C9 /* GKPlaceAutocomplete.m in Sources */,
				DAE186161A13AE81001185C9 /* GKObject.m in Sources */,
				DAE186081A13AE76001185C9 /* GKQuery.m in Sources */,
				DA7958531A1AB0870069C790 /* GKPlacesNearbySearchQuery.m in Sources */,
				DAE186261A13E8F6001185C9 /* GKAutocompleteViewController.m in Sources */,
				DAE1861F1A13AFF1001185C9 /* GKMapGeocoderViewController.m in Sources */,
				DAE185CF1A13AD67001185C9 /* main.m in Sources */,
				DAE186191A13AE81001185C9 /* GKPlaceDetails.m in Sources */,
				DAE186291A13F5DE001185C9 /* GKNearbySearchViewController.m in Sources */,
				DAE186061A13AE76001185C9 /* GKPlaceDetailsQuery.m in Sources */,
			);
			runOnlyForDeploymentPostprocessing = 0;
		};
		DAE185DE1A13AD67001185C9 /* Sources */ = {
			isa = PBXSourcesBuildPhase;
			buildActionMask = 2147483647;
			files = (
				DAE185E91A13AD67001185C9 /* GoogleKitDemoTests.m in Sources */,
			);
			runOnlyForDeploymentPostprocessing = 0;
		};
/* End PBXSourcesBuildPhase section */

/* Begin PBXTargetDependency section */
		DAE185E41A13AD67001185C9 /* PBXTargetDependency */ = {
			isa = PBXTargetDependency;
			target = DAE185C81A13AD67001185C9 /* GoogleKitDemo */;
			targetProxy = DAE185E31A13AD67001185C9 /* PBXContainerItemProxy */;
		};
/* End PBXTargetDependency section */

/* Begin XCBuildConfiguration section */
		DAE185EA1A13AD67001185C9 /* Debug */ = {
			isa = XCBuildConfiguration;
			buildSettings = {
				ALWAYS_SEARCH_USER_PATHS = NO;
				CLANG_CXX_LANGUAGE_STANDARD = "gnu++0x";
				CLANG_CXX_LIBRARY = "libc++";
				CLANG_ENABLE_MODULES = YES;
				CLANG_ENABLE_OBJC_ARC = YES;
				CLANG_WARN_BOOL_CONVERSION = YES;
				CLANG_WARN_CONSTANT_CONVERSION = YES;
				CLANG_WARN_DIRECT_OBJC_ISA_USAGE = YES_ERROR;
				CLANG_WARN_EMPTY_BODY = YES;
				CLANG_WARN_ENUM_CONVERSION = YES;
				CLANG_WARN_INT_CONVERSION = YES;
				CLANG_WARN_OBJC_ROOT_CLASS = YES_ERROR;
				CLANG_WARN_UNREACHABLE_CODE = YES;
				CLANG_WARN__DUPLICATE_METHOD_MATCH = YES;
				"CODE_SIGN_IDENTITY[sdk=iphoneos*]" = "iPhone Developer";
				COPY_PHASE_STRIP = NO;
				ENABLE_STRICT_OBJC_MSGSEND = YES;
				GCC_C_LANGUAGE_STANDARD = gnu99;
				GCC_DYNAMIC_NO_PIC = NO;
				GCC_OPTIMIZATION_LEVEL = 0;
				GCC_PREPROCESSOR_DEFINITIONS = (
					"DEBUG=1",
					"$(inherited)",
				);
				GCC_SYMBOLS_PRIVATE_EXTERN = NO;
				GCC_WARN_64_TO_32_BIT_CONVERSION = YES;
				GCC_WARN_ABOUT_RETURN_TYPE = YES_ERROR;
				GCC_WARN_UNDECLARED_SELECTOR = YES;
				GCC_WARN_UNINITIALIZED_AUTOS = YES_AGGRESSIVE;
				GCC_WARN_UNUSED_FUNCTION = YES;
				GCC_WARN_UNUSED_VARIABLE = YES;
				IPHONEOS_DEPLOYMENT_TARGET = 7.0;
				MTL_ENABLE_DEBUG_INFO = YES;
				ONLY_ACTIVE_ARCH = YES;
				SDKROOT = iphoneos;
				TARGETED_DEVICE_FAMILY = "1,2";
			};
			name = Debug;
		};
		DAE185EB1A13AD67001185C9 /* Release */ = {
			isa = XCBuildConfiguration;
			buildSettings = {
				ALWAYS_SEARCH_USER_PATHS = NO;
				CLANG_CXX_LANGUAGE_STANDARD = "gnu++0x";
				CLANG_CXX_LIBRARY = "libc++";
				CLANG_ENABLE_MODULES = YES;
				CLANG_ENABLE_OBJC_ARC = YES;
				CLANG_WARN_BOOL_CONVERSION = YES;
				CLANG_WARN_CONSTANT_CONVERSION = YES;
				CLANG_WARN_DIRECT_OBJC_ISA_USAGE = YES_ERROR;
				CLANG_WARN_EMPTY_BODY = YES;
				CLANG_WARN_ENUM_CONVERSION = YES;
				CLANG_WARN_INT_CONVERSION = YES;
				CLANG_WARN_OBJC_ROOT_CLASS = YES_ERROR;
				CLANG_WARN_UNREACHABLE_CODE = YES;
				CLANG_WARN__DUPLICATE_METHOD_MATCH = YES;
				"CODE_SIGN_IDENTITY[sdk=iphoneos*]" = "iPhone Developer";
				COPY_PHASE_STRIP = YES;
				ENABLE_NS_ASSERTIONS = NO;
				ENABLE_STRICT_OBJC_MSGSEND = YES;
				GCC_C_LANGUAGE_STANDARD = gnu99;
				GCC_WARN_64_TO_32_BIT_CONVERSION = YES;
				GCC_WARN_ABOUT_RETURN_TYPE = YES_ERROR;
				GCC_WARN_UNDECLARED_SELECTOR = YES;
				GCC_WARN_UNINITIALIZED_AUTOS = YES_AGGRESSIVE;
				GCC_WARN_UNUSED_FUNCTION = YES;
				GCC_WARN_UNUSED_VARIABLE = YES;
				IPHONEOS_DEPLOYMENT_TARGET = 7.0;
				MTL_ENABLE_DEBUG_INFO = NO;
				SDKROOT = iphoneos;
				TARGETED_DEVICE_FAMILY = "1,2";
				VALIDATE_PRODUCT = YES;
			};
			name = Release;
		};
		DAE185ED1A13AD67001185C9 /* Debug */ = {
			isa = XCBuildConfiguration;
			buildSettings = {
				ASSETCATALOG_COMPILER_APPICON_NAME = AppIcon;
				INFOPLIST_FILE = GoogleKitDemo/Info.plist;
				IPHONEOS_DEPLOYMENT_TARGET = 7.0;
				LD_RUNPATH_SEARCH_PATHS = "$(inherited) @executable_path/Frameworks";
				PRODUCT_NAME = "$(TARGET_NAME)";
			};
			name = Debug;
		};
		DAE185EE1A13AD67001185C9 /* Release */ = {
			isa = XCBuildConfiguration;
			buildSettings = {
				ASSETCATALOG_COMPILER_APPICON_NAME = AppIcon;
				INFOPLIST_FILE = GoogleKitDemo/Info.plist;
				IPHONEOS_DEPLOYMENT_TARGET = 7.0;
				LD_RUNPATH_SEARCH_PATHS = "$(inherited) @executable_path/Frameworks";
				PRODUCT_NAME = "$(TARGET_NAME)";
			};
			name = Release;
		};
		DAE185F01A13AD67001185C9 /* Debug */ = {
			isa = XCBuildConfiguration;
			buildSettings = {
				BUNDLE_LOADER = "$(TEST_HOST)";
				FRAMEWORK_SEARCH_PATHS = (
					"$(SDKROOT)/Developer/Library/Frameworks",
					"$(inherited)",
				);
				GCC_PREPROCESSOR_DEFINITIONS = (
					"DEBUG=1",
					"$(inherited)",
				);
				INFOPLIST_FILE = GoogleKitDemoTests/Info.plist;
				LD_RUNPATH_SEARCH_PATHS = "$(inherited) @executable_path/Frameworks @loader_path/Frameworks";
				PRODUCT_NAME = "$(TARGET_NAME)";
				TEST_HOST = "$(BUILT_PRODUCTS_DIR)/GoogleKitDemo.app/GoogleKitDemo";
			};
			name = Debug;
		};
		DAE185F11A13AD67001185C9 /* Release */ = {
			isa = XCBuildConfiguration;
			buildSettings = {
				BUNDLE_LOADER = "$(TEST_HOST)";
				FRAMEWORK_SEARCH_PATHS = (
					"$(SDKROOT)/Developer/Library/Frameworks",
					"$(inherited)",
				);
				INFOPLIST_FILE = GoogleKitDemoTests/Info.plist;
				LD_RUNPATH_SEARCH_PATHS = "$(inherited) @executable_path/Frameworks @loader_path/Frameworks";
				PRODUCT_NAME = "$(TARGET_NAME)";
				TEST_HOST = "$(BUILT_PRODUCTS_DIR)/GoogleKitDemo.app/GoogleKitDemo";
			};
			name = Release;
		};
/* End XCBuildConfiguration section */

/* Begin XCConfigurationList section */
		DAE185C41A13AD67001185C9 /* Build configuration list for PBXProject "GoogleKitDemo" */ = {
			isa = XCConfigurationList;
			buildConfigurations = (
				DAE185EA1A13AD67001185C9 /* Debug */,
				DAE185EB1A13AD67001185C9 /* Release */,
			);
			defaultConfigurationIsVisible = 0;
			defaultConfigurationName = Release;
		};
		DAE185EC1A13AD67001185C9 /* Build configuration list for PBXNativeTarget "GoogleKitDemo" */ = {
			isa = XCConfigurationList;
			buildConfigurations = (
				DAE185ED1A13AD67001185C9 /* Debug */,
				DAE185EE1A13AD67001185C9 /* Release */,
			);
			defaultConfigurationIsVisible = 0;
			defaultConfigurationName = Release;
		};
		DAE185EF1A13AD67001185C9 /* Build configuration list for PBXNativeTarget "GoogleKitDemoTests" */ = {
			isa = XCConfigurationList;
			buildConfigurations = (
				DAE185F01A13AD67001185C9 /* Debug */,
				DAE185F11A13AD67001185C9 /* Release */,
			);
			defaultConfigurationIsVisible = 0;
			defaultConfigurationName = Release;
		};
/* End XCConfigurationList section */
	};
	rootObject = DAE185C11A13AD67001185C9 /* Project object */;
}
